
Microsoft Visual Studio Solution File, Format Version 12.00
# Visual Studio 15
VisualStudioVersion = 15.0.26730.8
MinimumVisualStudioVersion = 10.0.40219.1
Project("{FAE04EC0-301F-11D3-BF4B-00C04F79EFBC}") = "Fractalization", "Fractalization\Fractalization.csproj", "{EA656A34-EA9E-4629-8204-AA91D8632E9C}"
EndProject
Global
	GlobalSection(SolutionConfigurationPlatforms) = preSolution
		Debug|Any CPU = Debug|Any CPU
		Release|Any CPU = Release|Any CPU
	EndGlobalSection
	GlobalSection(ProjectConfigurationPlatforms) = postSolution
		{EA656A34-EA9E-4629-8204-AA91D8632E9C}.Debug|Any CPU.ActiveCfg = Debug|Any CPU
		{EA656A34-EA9E-4629-8204-AA91D8632E9C}.Debug|Any CPU.Build.0 = Debug|Any CPU
		{EA656A34-EA9E-4629-8204-AA91D8632E9C}.Release|Any CPU.ActiveCfg = Release|Any CPU
		{EA656A34-EA9E-4629-8204-AA91D8632E9C}.Release|Any CPU.Build.0 = Release|Any CPU
	EndGlobalSection
	GlobalSection(SolutionProperties) = preSolution
		HideSolutionNode = FALSE
	EndGlobalSection
	GlobalSection(ExtensibilityGlobals) = postSolution
		SolutionGuid = {21577695-2B30-4A27-9FE2-4A107AA3D37F}
	EndGlobalSection
EndGlobal
